
Microsoft Visual Studio Solution File, Format Version 12.00
# Visual Studio Version 17
VisualStudioVersion = 17.0.31903.59
MinimumVisualStudioVersion = 10.0.40219.1
Project("{2150E333-8FDC-42A3-9474-1A3956D46DE8}") = "src", "src", "{827E0CD3-B72D-47B6-A68D-7590B98EB39B}"
EndProject
Project("{FAE04EC0-301F-11D3-BF4B-00C04F79EFBC}") = "ProbleMatic.Domain", "src\ProbleMatic.Domain\ProbleMatic.Domain.csproj", "{C9843AFC-1722-46B3-9FFC-64FA14D2719A}"
EndProject
Project("{FAE04EC0-301F-11D3-BF4B-00C04F79EFBC}") = "ProbleMatic.Application", "src\ProbleMatic.Application\ProbleMatic.Application.csproj", "{7F80D299-9BA2-40AE-B5C5-0169A8662520}"
EndProject
Project("{FAE04EC0-301F-11D3-BF4B-00C04F79EFBC}") = "ProbleMatic.Infrastructure", "src\ProbleMatic.Infrastructure\ProbleMatic.Infrastructure.csproj", "{17680BE6-394C-4937-A3FC-A24391C8D892}"
EndProject
Project("{FAE04EC0-301F-11D3-BF4B-00C04F79EFBC}") = "ProbleMatic.Api", "src\ProbleMatic.Api\ProbleMatic.Api.csproj", "{30833F0F-67C7-485E-824A-E159FD49DDE3}"
EndProject
Project("{2150E333-8FDC-42A3-9474-1A3956D46DE8}") = "tests", "tests", "{0AB3BF05-4346-4AA6-1389-037BE0695223}"
EndProject
Project("{FAE04EC0-301F-11D3-BF4B-00C04F79EFBC}") = "ProbleMatic.Domain.Tests", "tests\ProbleMatic.Domain.Tests\ProbleMatic.Domain.Tests.csproj", "{A073285C-CCA9-426A-89BF-7F39B24979C7}"
EndProject
Project("{FAE04EC0-301F-11D3-BF4B-00C04F79EFBC}") = "ProbleMatic.Application.Tests", "tests\ProbleMatic.Application.Tests\ProbleMatic.Application.Tests.csproj", "{A417ACF5-A09F-46AC-B60E-72CB1CB922DC}"
EndProject
Project("{FAE04EC0-301F-11D3-BF4B-00C04F79EFBC}") = "ProbleMatic.IntegrationTests", "tests\ProbleMatic.IntegrationTests\ProbleMatic.IntegrationTests.csproj", "{DD8737E3-4C28-4443-BFEA-659778F52AF8}"
EndProject
Global
	GlobalSection(SolutionConfigurationPlatforms) = preSolution
		Debug|Any CPU = Debug|Any CPU
		Debug|x64 = Debug|x64
		Debug|x86 = Debug|x86
		Release|Any CPU = Release|Any CPU
		Release|x64 = Release|x64
		Release|x86 = Release|x86
	EndGlobalSection
	GlobalSection(ProjectConfigurationPlatforms) = postSolution
		{C9843AFC-1722-46B3-9FFC-64FA14D2719A}.Debug|Any CPU.ActiveCfg = Debug|Any CPU
		{C9843AFC-1722-46B3-9FFC-64FA14D2719A}.Debug|Any CPU.Build.0 = Debug|Any CPU
		{C9843AFC-1722-46B3-9FFC-64FA14D2719A}.Debug|x64.ActiveCfg = Debug|Any CPU
		{C9843AFC-1722-46B3-9FFC-64FA14D2719A}.Debug|x64.Build.0 = Debug|Any CPU
		{C9843AFC-1722-46B3-9FFC-64FA14D2719A}.Debug|x86.ActiveCfg = Debug|Any CPU
		{C9843AFC-1722-46B3-9FFC-64FA14D2719A}.Debug|x86.Build.0 = Debug|Any CPU
		{C9843AFC-1722-46B3-9FFC-64FA14D2719A}.Release|Any CPU.ActiveCfg = Release|Any CPU
		{C9843AFC-1722-46B3-9FFC-64FA14D2719A}.Release|Any CPU.Build.0 = Release|Any CPU
		{C9843AFC-1722-46B3-9FFC-64FA14D2719A}.Release|x64.ActiveCfg = Release|Any CPU
		{C9843AFC-1722-46B3-9FFC-64FA14D2719A}.Release|x64.Build.0 = Release|Any CPU
		{C9843AFC-1722-46B3-9FFC-64FA14D2719A}.Release|x86.ActiveCfg = Release|Any CPU
		{C9843AFC-1722-46B3-9FFC-64FA14D2719A}.Release|x86.Build.0 = Release|Any CPU
		{7F80D299-9BA2-40AE-B5C5-0169A8662520}.Debug|Any CPU.ActiveCfg = Debug|Any CPU
		{7F80D299-9BA2-40AE-B5C5-0169A8662520}.Debug|Any CPU.Build.0 = Debug|Any CPU
		{7F80D299-9BA2-40AE-B5C5-0169A8662520}.Debug|x64.ActiveCfg = Debug|Any CPU
		{7F80D299-9BA2-40AE-B5C5-0169A8662520}.Debug|x64.Build.0 = Debug|Any CPU
		{7F80D299-9BA2-40AE-B5C5-0169A8662520}.Debug|x86.ActiveCfg = Debug|Any CPU
		{7F80D299-9BA2-40AE-B5C5-0169A8662520}.Debug|x86.Build.0 = Debug|Any CPU
		{7F80D299-9BA2-40AE-B5C5-0169A8662520}.Release|Any CPU.ActiveCfg = Release|Any CPU
		{7F80D299-9BA2-40AE-B5C5-0169A8662520}.Release|Any CPU.Build.0 = Release|Any CPU
		{7F80D299-9BA2-40AE-B5C5-0169A8662520}.Release|x64.ActiveCfg = Release|Any CPU
		{7F80D299-9BA2-40AE-B5C5-0169A8662520}.Release|x64.Build.0 = Release|Any CPU
		{7F80D299-9BA2-40AE-B5C5-0169A8662520}.Release|x86.ActiveCfg = Release|Any CPU
		{7F80D299-9BA2-40AE-B5C5-0169A8662520}.Release|x86.Build.0 = Release|Any CPU
		{17680BE6-394C-4937-A3FC-A24391C8D892}.Debug|Any CPU.ActiveCfg = Debug|Any CPU
		{17680BE6-394C-4937-A3FC-A24391C8D892}.Debug|Any CPU.Build.0 = Debug|Any CPU
		{17680BE6-394C-4937-A3FC-A24391C8D892}.Debug|x64.ActiveCfg = Debug|Any CPU
		{17680BE6-394C-4937-A3FC-A24391C8D892}.Debug|x64.Build.0 = Debug|Any CPU
		{17680BE6-394C-4937-A3FC-A24391C8D892}.Debug|x86.ActiveCfg = Debug|Any CPU
		{17680BE6-394C-4937-A3FC-A24391C8D892}.Debug|x86.Build.0 = Debug|Any CPU
		{17680BE6-394C-4937-A3FC-A24391C8D892}.Release|Any CPU.ActiveCfg = Release|Any CPU
		{17680BE6-394C-4937-A3FC-A24391C8D892}.Release|Any CPU.Build.0 = Release|Any CPU
		{17680BE6-394C-4937-A3FC-A24391C8D892}.Release|x64.ActiveCfg = Release|Any CPU
		{17680BE6-394C-4937-A3FC-A24391C8D892}.Release|x64.Build.0 = Release|Any CPU
		{17680BE6-394C-4937-A3FC-A24391C8D892}.Release|x86.ActiveCfg = Release|Any CPU
		{17680BE6-394C-4937-A3FC-A24391C8D892}.Release|x86.Build.0 = Release|Any CPU
		{30833F0F-67C7-485E-824A-E159FD49DDE3}.Debug|Any CPU.ActiveCfg = Debug|Any CPU
		{30833F0F-67C7-485E-824A-E159FD49DDE3}.Debug|Any CPU.Build.0 = Debug|Any CPU
		{30833F0F-67C7-485E-824A-E159FD49DDE3}.Debug|x64.ActiveCfg = Debug|Any CPU
		{30833F0F-67C7-485E-824A-E159FD49DDE3}.Debug|x64.Build.0 = Debug|Any CPU
		{30833F0F-67C7-485E-824A-E159FD49DDE3}.Debug|x86.ActiveCfg = Debug|Any CPU
		{30833F0F-67C7-485E-824A-E159FD49DDE3}.Debug|x86.Build.0 = Debug|Any CPU
		{30833F0F-67C7-485E-824A-E159FD49DDE3}.Release|Any CPU.ActiveCfg = Release|Any CPU
		{30833F0F-67C7-485E-824A-E159FD49DDE3}.Release|Any CPU.Build.0 = Release|Any CPU
		{30833F0F-67C7-485E-824A-E159FD49DDE3}.Release|x64.ActiveCfg = Release|Any CPU
		{30833F0F-67C7-485E-824A-E159FD49DDE3}.Release|x64.Build.0 = Release|Any CPU
		{30833F0F-67C7-485E-824A-E159FD49DDE3}.Release|x86.ActiveCfg = Release|Any CPU
		{30833F0F-67C7-485E-824A-E159FD49DDE3}.Release|x86.Build.0 = Release|Any CPU
		{A073285C-CCA9-426A-89BF-7F39B24979C7}.Debug|Any CPU.ActiveCfg = Debug|Any CPU
		{A073285C-CCA9-426A-89BF-7F39B24979C7}.Debug|Any CPU.Build.0 = Debug|Any CPU
		{A073285C-CCA9-426A-89BF-7F39B24979C7}.Debug|x64.ActiveCfg = Debug|Any CPU
		{A073285C-CCA9-426A-89BF-7F39B24979C7}.Debug|x64.Build.0 = Debug|Any CPU
		{A073285C-CCA9-426A-89BF-7F39B24979C7}.Debug|x86.ActiveCfg = Debug|Any CPU
		{A073285C-CCA9-426A-89BF-7F39B24979C7}.Debug|x86.Build.0 = Debug|Any CPU
		{A073285C-CCA9-426A-89BF-7F39B24979C7}.Release|Any CPU.ActiveCfg = Release|Any CPU
		{A073285C-CCA9-426A-89BF-7F39B24979C7}.Release|Any CPU.Build.0 = Release|Any CPU
		{A073285C-CCA9-426A-89BF-7F39B24979C7}.Release|x64.ActiveCfg = Release|Any CPU
		{A073285C-CCA9-426A-89BF-7F39B24979C7}.Release|x64.Build.0 = Release|Any CPU
		{A073285C-CCA9-426A-89BF-7F39B24979C7}.Release|x86.ActiveCfg = Release|Any CPU
		{A073285C-CCA9-426A-89BF-7F39B24979C7}.Release|x86.Build.0 = Release|Any CPU
		{A417ACF5-A09F-46AC-B60E-72CB1CB922DC}.Debug|Any CPU.ActiveCfg = Debug|Any CPU
		{A417ACF5-A09F-46AC-B60E-72CB1CB922DC}.Debug|Any CPU.Build.0 = Debug|Any CPU
		{A417ACF5-A09F-46AC-B60E-72CB1CB922DC}.Debug|x64.ActiveCfg = Debug|Any CPU
		{A417ACF5-A09F-46AC-B60E-72CB1CB922DC}.Debug|x64.Build.0 = Debug|Any CPU
		{A417ACF5-A09F-46AC-B60E-72CB1CB922DC}.Debug|x86.ActiveCfg = Debug|Any CPU
		{A417ACF5-A09F-46AC-B60E-72CB1CB922DC}.Debug|x86.Build.0 = Debug|Any CPU
		{A417ACF5-A09F-46AC-B60E-72CB1CB922DC}.Release|Any CPU.ActiveCfg = Release|Any CPU
		{A417ACF5-A09F-46AC-B60E-72CB1CB922DC}.Release|Any CPU.Build.0 = Release|Any CPU
		{A417ACF5-A09F-46AC-B60E-72CB1CB922DC}.Release|x64.ActiveCfg = Release|Any CPU
		{A417ACF5-A09F-46AC-B60E-72CB1CB922DC}.Release|x64.Build.0 = Release|Any CPU
		{A417ACF5-A09F-46AC-B60E-72CB1CB922DC}.Release|x86.ActiveCfg = Release|Any CPU
		{A417ACF5-A09F-46AC-B60E-72CB1CB922DC}.Release|x86.Build.0 = Release|Any CPU
		{DD8737E3-4C28-4443-BFEA-659778F52AF8}.Debug|Any CPU.ActiveCfg = Debug|Any CPU
		{DD8737E3-4C28-4443-BFEA-659778F52AF8}.Debug|Any CPU.Build.0 = Debug|Any CPU
		{DD8737E3-4C28-4443-BFEA-659778F52AF8}.Debug|x64.ActiveCfg = Debug|Any CPU
		{DD8737E3-4C28-4443-BFEA-659778F52AF8}.Debug|x64.Build.0 = Debug|Any CPU
		{DD8737E3-4C28-4443-BFEA-659778F52AF8}.Debug|x86.ActiveCfg = Debug|Any CPU
		{DD8737E3-4C28-4443-BFEA-659778F52AF8}.Debug|x86.Build.0 = Debug|Any CPU
		{DD8737E3-4C28-4443-BFEA-659778F52AF8}.Release|Any CPU.ActiveCfg = Release|Any CPU
		{DD8737E3-4C28-4443-BFEA-659778F52AF8}.Release|Any CPU.Build.0 = Release|Any CPU
		{DD8737E3-4C28-4443-BFEA-659778F52AF8}.Release|x64.ActiveCfg = Release|Any CPU
		{DD8737E3-4C28-4443-BFEA-659778F52AF8}.Release|x64.Build.0 = Release|Any CPU
		{DD8737E3-4C28-4443-BFEA-659778F52AF8}.Release|x86.ActiveCfg = Release|Any CPU
		{DD8737E3-4C28-4443-BFEA-659778F52AF8}.Release|x86.Build.0 = Release|Any CPU
	EndGlobalSection
	GlobalSection(SolutionProperties) = preSolution
		HideSolutionNode = FALSE
	EndGlobalSection
	GlobalSection(NestedProjects) = preSolution
		{C9843AFC-1722-46B3-9FFC-64FA14D2719A} = {827E0CD3-B72D-47B6-A68D-7590B98EB39B}
		{7F80D299-9BA2-40AE-B5C5-0169A8662520} = {827E0CD3-B72D-47B6-A68D-7590B98EB39B}
		{17680BE6-394C-4937-A3FC-A24391C8D892} = {827E0CD3-B72D-47B6-A68D-7590B98EB39B}
		{30833F0F-67C7-485E-824A-E159FD49DDE3} = {827E0CD3-B72D-47B6-A68D-7590B98EB39B}
		{A073285C-CCA9-426A-89BF-7F39B24979C7} = {0AB3BF05-4346-4AA6-1389-037BE0695223}
		{A417ACF5-A09F-46AC-B60E-72CB1CB922DC} = {0AB3BF05-4346-4AA6-1389-037BE0695223}
		{DD8737E3-4C28-4443-BFEA-659778F52AF8} = {0AB3BF05-4346-4AA6-1389-037BE0695223}
	EndGlobalSection
EndGlobal
